
Microsoft Visual Studio Solution File, Format Version 12.00
# Visual Studio Version 17
VisualStudioVersion = 17.5.33103.201
MinimumVisualStudioVersion = 10.0.40219.1
Project("{FAE04EC0-301F-11D3-BF4B-00C04F79EFBC}") = "RespawnTimer", "RespawnTimer\RespawnTimer.csproj", "{22D28A68-76F7-4722-A4DA-ACF7A04166C4}"
EndProject
Global
	GlobalSection(SolutionConfigurationPlatforms) = preSolution
		Debug|Any CPU = Debug|Any CPU
		Release|Any CPU = Release|Any CPU
	EndGlobalSection
	GlobalSection(ProjectConfigurationPlatforms) = postSolution
		{22D28A68-76F7-4722-A4DA-ACF7A04166C4}.Debug|Any CPU.ActiveCfg = Debug|Any CPU
		{22D28A68-76F7-4722-A4DA-ACF7A04166C4}.Debug|Any CPU.Build.0 = Debug|Any CPU
		{22D28A68-76F7-4722-A4DA-ACF7A04166C4}.Release|Any CPU.ActiveCfg = Release|Any CPU
		{22D28A68-76F7-4722-A4DA-ACF7A04166C4}.Release|Any CPU.Build.0 = Release|Any CPU
	EndGlobalSection
	GlobalSection(SolutionProperties) = preSolution
		HideSolutionNode = FALSE
	EndGlobalSection
	GlobalSection(ExtensibilityGlobals) = postSolution
		SolutionGuid = {D5DFBADD-68DA-4C81-A4BB-4F3F434E407B}
	EndGlobalSection
EndGlobal
